dependencies:
- name: exposecontroller
  repository: http://chartmuseum.jenkins-x.io
  version: 2.3.56
- name: exposecontroller
  repository: http://chartmuseum.jenkins-x.io
  version: 2.3.56
- name: kafka
  repository: http://storage.googleapis.com/kubernetes-charts-incubator
  version: 0.11.1
- name: test-cilib
  repository: file://../test-cilib
  version: "1"
digest: sha256:87e48587703aab7be19c476ec33cd2569b9515ba09c73a4b536386af5f167f24
generated: 2019-05-16T13:26:04.319203+03:00
